PODS:
  - A (0.0.6):
    - ADependency (~> 0.0.6)
  - ADependency (0.0.6):
    - CommonDependency (= 0.0.2)
  - B (0.0.2):
    - CommonDependency (~> 0.0.1)
  - CommonDependency (0.0.2)

DEPENDENCIES:
  - A (~> 0.0.1)
  - B (~> 0.0.1)

SPEC REPOS:
  "git@github.com:PRuedaApplicaster/cocoapods-bug.git":
    - A
    - ADependency
    - B
    - CommonDependency

SPEC CHECKSUMS:
  A: 9c0d888b631b24d6b9366a892536b82b9ce49204
  ADependency: 20e05ca8c4a9ae8f9938f4d8be8fbf5e90948b67
  B: cc1a9fd675932c5a862561bde78a36141f99cbf7
  CommonDependency: 96d8b2fea3c087c8cc264375e87e20b5564a33c8

PODFILE CHECKSUM: 989620628b99d4866573089b33a22b4f471a6c5c

COCOAPODS: 1.5.3
